<?xml version="1.0" encoding="utf-8"?>
<Project ToolsVersion="4.0" xmlns="http://schemas.microsoft.com/developer/msbuild/2003">
  <ItemGroup>
    <Filter Include="Header Files">
      <UniqueIdentifier>{e6d2f283-9dd6-4f83-9c7a-08534a026867}</UniqueIdentifier>
    </Filter>
    <Filter Include="Source Files">
      <UniqueIdentifier>{13025872-f90d-468f-b4dc-1b315680018d}</UniqueIdentifier>
    </Filter>
  </ItemGroup>
</Project>